{
  "name": "bigsister.com",
  "lockfileVersion": 3,
  "requires": true,
  "packages": {
    "": {
      "dependencies": {
        "swiper": "^10.0.4"
      },
      "devDependencies": {
        "@types/google.maps": "^3.53.4"
      }
    },
    "node_modules/@types/google.maps": {
      "version": "3.53.4",
      "resolved": "https://registry.npmjs.org/@types/google.maps/-/google.maps-3.53.4.tgz",
      "integrity": "sha512-IiDAYTONQEKCBssPtoM0XqWF8YIIk2leba4NOf9qVQ/d8l5gLuS3QT87TrX6/u8rMonQAXC9KEDmM4q7sT6MWg==",
      "dev": true
    },
    "node_modules/swiper": {
      "version": "10.0.4",
      "resolved": "https://registry.npmjs.org/swiper/-/swiper-10.0.4.tgz",
      "integrity": "sha512-DlNR3KiaVkPep6RraZ2tNr7lvyuzELuR+4NZr4wO42t0UworIO3DxDlz8b5Q3uUioh7cJad99EdRJLkPF+r8Ag==",
      "funding": [
        {
          "type": "patreon",
          "url": "https://www.patreon.com/swiperjs"
        },
        {
          "type": "open_collective",
          "url": "http://opencollective.com/swiper"
        }
      ],
      "engines": {
        "node": ">= 4.7.0"
      }
    }
  }
}
